
Microsoft Visual Studio Solution File, Format Version 12.00
# Visual Studio Version 17
VisualStudioVersion = 17.0.31903.59
MinimumVisualStudioVersion = 10.0.40219.1
Project("{FAE04EC0-301F-11D3-BF4B-00C04F79EFBC}") = "MarketWeight.Core", "MarketWeight.Core\MarketWeight.Core.csproj", "{69B08209-E31D-49B1-9E8F-7BFAA4F90A28}"
EndProject
Project("{FAE04EC0-301F-11D3-BF4B-00C04F79EFBC}") = "MarketWeight.Ado.Dapper", "MarketWeight.Ado.Dapper\MarketWeight.Ado.Dapper.csproj", "{96B8FD3E-F346-45A7-8432-D907B9DCBA7E}"
EndProject
Project("{FAE04EC0-301F-11D3-BF4B-00C04F79EFBC}") = "MarketWeight.Ado.Dapper.Test", "MarketWeight.Ado.Dapper.Test\MarketWeight.Ado.Dapper.Test.csproj", "{1E670891-17AC-4BF8-99EE-E1FC19BE0250}"
EndProject
Global
	GlobalSection(SolutionConfigurationPlatforms) = preSolution
		Debug|Any CPU = Debug|Any CPU
		Release|Any CPU = Release|Any CPU
	EndGlobalSection
	GlobalSection(SolutionProperties) = preSolution
		HideSolutionNode = FALSE
	EndGlobalSection
	GlobalSection(ProjectConfigurationPlatforms) = postSolution
		{69B08209-E31D-49B1-9E8F-7BFAA4F90A28}.Debug|Any CPU.ActiveCfg = Debug|Any CPU
		{69B08209-E31D-49B1-9E8F-7BFAA4F90A28}.Debug|Any CPU.Build.0 = Debug|Any CPU
		{69B08209-E31D-49B1-9E8F-7BFAA4F90A28}.Release|Any CPU.ActiveCfg = Release|Any CPU
		{69B08209-E31D-49B1-9E8F-7BFAA4F90A28}.Release|Any CPU.Build.0 = Release|Any CPU
		{96B8FD3E-F346-45A7-8432-D907B9DCBA7E}.Debug|Any CPU.ActiveCfg = Debug|Any CPU
		{96B8FD3E-F346-45A7-8432-D907B9DCBA7E}.Debug|Any CPU.Build.0 = Debug|Any CPU
		{96B8FD3E-F346-45A7-8432-D907B9DCBA7E}.Release|Any CPU.ActiveCfg = Release|Any CPU
		{96B8FD3E-F346-45A7-8432-D907B9DCBA7E}.Release|Any CPU.Build.0 = Release|Any CPU
		{1E670891-17AC-4BF8-99EE-E1FC19BE0250}.Debug|Any CPU.ActiveCfg = Debug|Any CPU
		{1E670891-17AC-4BF8-99EE-E1FC19BE0250}.Debug|Any CPU.Build.0 = Debug|Any CPU
		{1E670891-17AC-4BF8-99EE-E1FC19BE0250}.Release|Any CPU.ActiveCfg = Release|Any CPU
		{1E670891-17AC-4BF8-99EE-E1FC19BE0250}.Release|Any CPU.Build.0 = Release|Any CPU
	EndGlobalSection
EndGlobal
